// !$*UTF8*$!
{
	archiveVersion = 1;
	classes = {
	};
	objectVersion = 56;
	objects = {

/* Begin PBXBuildFile section */
		7D04778B2931F59700D190DB /* AppDelegate.swift in Sources */ = {isa = PBXBuildFile; fileRef = 7D04778A2931F59700D190DB /* AppDelegate.swift */; };
		7D04778F2931F59700D190DB /* NotesViewController.swift in Sources */ = {isa = PBXBuildFile; fileRef = 7D04778E2931F59700D190DB /* NotesViewController.swift */; };
		7D0477942931F59A00D190DB /* Assets.xcassets in Resources */ = {isa = PBXBuildFile; fileRef = 7D0477932931F59A00D190DB /* Assets.xcassets */; };
		7D0477972931F59A00D190DB /* LaunchScreen.storyboard in Resources */ = {isa = PBXBuildFile; fileRef = 7D0477952931F59A00D190DB /* LaunchScreen.storyboard */; };
		7D04779F2931F95800D190DB /* NoteViewController.swift in Sources */ = {isa = PBXBuildFile; fileRef = 7D04779E2931F95800D190DB /* NoteViewController.swift */; };
		7D0477A12931FA1700D190DB /* NotesViewControllerCell.swift in Sources */ = {isa = PBXBuildFile; fileRef = 7D0477A02931FA1700D190DB /* NotesViewControllerCell.swift */; };
		7D580A47293205F80060F976 /* NotesModel.swift in Sources */ = {isa = PBXBuildFile; fileRef = 7D580A46293205F80060F976 /* NotesModel.swift */; };
		7D580A49293211070060F976 /* NoteContext.swift in Sources */ = {isa = PBXBuildFile; fileRef = 7D580A48293211070060F976 /* NoteContext.swift */; };
		7D580A4B293239440060F976 /* TabBar.swift in Sources */ = {isa = PBXBuildFile; fileRef = 7D580A4A293239440060F976 /* TabBar.swift */; };
		7D580A4D29323B080060F976 /* ToDoListViewController.swift in Sources */ = {isa = PBXBuildFile; fileRef = 7D580A4C29323B080060F976 /* ToDoListViewController.swift */; };
		7D580A4F29323E680060F976 /* ToDoListModel.swift in Sources */ = {isa = PBXBuildFile; fileRef = 7D580A4E29323E680060F976 /* ToDoListModel.swift */; };
		7D580A512932475F0060F976 /* ToDoListViewControllerCell.swift in Sources */ = {isa = PBXBuildFile; fileRef = 7D580A502932475F0060F976 /* ToDoListViewControllerCell.swift */; };
/* End PBXBuildFile section */

/* Begin PBXFileReference section */
		7D0477872931F59700D190DB /* Study Planner.app */ = {isa = PBXFileReference; explicitFileType = wrapper.application; includeInIndex = 0; path = "Study Planner.app"; sourceTree = BUILT_PRODUCTS_DIR; };
		7D04778A2931F59700D190DB /* AppDelegate.swift */ = {isa = PBXFileReference; lastKnownFileType = sourcecode.swift; path = AppDelegate.swift; sourceTree = "<group>"; };
		7D04778E2931F59700D190DB /* NotesViewController.swift */ = {isa = PBXFileReference; lastKnownFileType = sourcecode.swift; path = NotesViewController.swift; sourceTree = "<group>"; };
		7D0477932931F59A00D190DB /* Assets.xcassets */ = {isa = PBXFileReference; lastKnownFileType = folder.assetcatalog; path = Assets.xcassets; sourceTree = "<group>"; };
		7D0477962931F59A00D190DB /* Base */ = {isa = PBXFileReference; lastKnownFileType = file.storyboard; name = Base; path = Base.lproj/LaunchScreen.storyboard; sourceTree = "<group>"; };
		7D0477982931F59A00D190DB /* Info.plist */ = {isa = PBXFileReference; lastKnownFileType = text.plist.xml; path = Info.plist; sourceTree = "<group>"; };
		7D04779E2931F95800D190DB /* NoteViewController.swift */ = {isa = PBXFileReference; lastKnownFileType = sourcecode.swift; path = NoteViewController.swift; sourceTree = "<group>"; };
		7D0477A02931FA1700D190DB /* NotesViewControllerCell.swift */ = {isa = PBXFileReference; lastKnownFileType = sourcecode.swift; path = NotesViewControllerCell.swift; sourceTree = "<group>"; };
		7D580A46293205F80060F976 /* NotesModel.swift */ = {isa = PBXFileReference; lastKnownFileType = sourcecode.swift; path = NotesModel.swift; sourceTree = "<group>"; };
		7D580A48293211070060F976 /* NoteContext.swift */ = {isa = PBXFileReference; lastKnownFileType = sourcecode.swift; path = NoteContext.swift; sourceTree = "<group>"; };
		7D580A4A293239440060F976 /* TabBar.swift */ = {isa = PBXFileReference; lastKnownFileType = sourcecode.swift; path = TabBar.swift; sourceTree = "<group>"; };
		7D580A4C29323B080060F976 /* ToDoListViewController.swift */ = {isa = PBXFileReference; lastKnownFileType = sourcecode.swift; path = ToDoListViewController.swift; sourceTree = "<group>"; };
		7D580A4E29323E680060F976 /* ToDoListModel.swift */ = {isa = PBXFileReference; lastKnownFileType = sourcecode.swift; path = ToDoListModel.swift; sourceTree = "<group>"; };
		7D580A502932475F0060F976 /* ToDoListViewControllerCell.swift */ = {isa = PBXFileReference; lastKnownFileType = sourcecode.swift; path = ToDoListViewControllerCell.swift; sourceTree = "<group>"; };
/* End PBXFileReference section */

/* Begin PBXFrameworksBuildPhase section */
		7D0477842931F59700D190DB /* Frameworks */ = {
			isa = PBXFrameworksBuildPhase;
			buildActionMask = 2147483647;
			files = (
			);
			runOnlyForDeploymentPostprocessing = 0;
		};
/* End PBXFrameworksBuildPhase section */

/* Begin PBXGroup section */
		7D04777E2931F59700D190DB = {
			isa = PBXGroup;
			children = (
				7D0477892931F59700D190DB /* Study Planner */,
				7D0477882931F59700D190DB /* Products */,
			);
			sourceTree = "<group>";
		};
		7D0477882931F59700D190DB /* Products */ = {
			isa = PBXGroup;
			children = (
				7D0477872931F59700D190DB /* Study Planner.app */,
			);
			name = Products;
			sourceTree = "<group>";
		};
		7D0477892931F59700D190DB /* Study Planner */ = {
			isa = PBXGroup;
			children = (
				7D580A52293261670060F976 /* Notes */,
				7D580A532932618B0060F976 /* ToDoList */,
				7D04778A2931F59700D190DB /* AppDelegate.swift */,
				7D580A4A293239440060F976 /* TabBar.swift */,
				7D0477932931F59A00D190DB /* Assets.xcassets */,
				7D0477952931F59A00D190DB /* LaunchScreen.storyboard */,
				7D0477982931F59A00D190DB /* Info.plist */,
			);
			path = "Study Planner";
			sourceTree = "<group>";
		};
		7D580A52293261670060F976 /* Notes */ = {
			isa = PBXGroup;
			children = (
				7D04778E2931F59700D190DB /* NotesViewController.swift */,
				7D0477A02931FA1700D190DB /* NotesViewControllerCell.swift */,
				7D04779E2931F95800D190DB /* NoteViewController.swift */,
				7D580A48293211070060F976 /* NoteContext.swift */,
				7D580A46293205F80060F976 /* NotesModel.swift */,
			);
			path = Notes;
			sourceTree = "<group>";
		};
		7D580A532932618B0060F976 /* ToDoList */ = {
			isa = PBXGroup;
			children = (
				7D580A502932475F0060F976 /* ToDoListViewControllerCell.swift */,
				7D580A4E29323E680060F976 /* ToDoListModel.swift */,
				7D580A4C29323B080060F976 /* ToDoListViewController.swift */,
			);
			path = ToDoList;
			sourceTree = "<group>";
		};
/* End PBXGroup section */

/* Begin PBXNativeTarget section */
		7D0477862931F59700D190DB /* Study Planner */ = {
			isa = PBXNativeTarget;
			buildConfigurationList = 7D04779B2931F59A00D190DB /* Build configuration list for PBXNativeTarget "Study Planner" */;
			buildPhases = (
				7D0477832931F59700D190DB /* Sources */,
				7D0477842931F59700D190DB /* Frameworks */,
				7D0477852931F59700D190DB /* Resources */,
			);
			buildRules = (
			);
			dependencies = (
			);
			name = "Study Planner";
			productName = "Study Planner";
			productReference = 7D0477872931F59700D190DB /* Study Planner.app */;
			productType = "com.apple.product-type.application";
		};
/* End PBXNativeTarget section */

/* Begin PBXProject section */
		7D04777F2931F59700D190DB /* Project object */ = {
			isa = PBXProject;
			attributes = {
				BuildIndependentTargetsInParallel = 1;
				LastSwiftUpdateCheck = 1410;
				LastUpgradeCheck = 1410;
				TargetAttributes = {
					7D0477862931F59700D190DB = {
						CreatedOnToolsVersion = 14.1;
					};
				};
			};
			buildConfigurationList = 7D0477822931F59700D190DB /* Build configuration list for PBXProject "Study Planner" */;
			compatibilityVersion = "Xcode 14.0";
			developmentRegion = en;
			hasScannedForEncodings = 0;
			knownRegions = (
				en,
				Base,
			);
			mainGroup = 7D04777E2931F59700D190DB;
			productRefGroup = 7D0477882931F59700D190DB /* Products */;
			projectDirPath = "";
			projectRoot = "";
			targets = (
				7D0477862931F59700D190DB /* Study Planner */,
			);
		};
/* End PBXProject section */

/* Begin PBXResourcesBuildPhase section */
		7D0477852931F59700D190DB /* Resources */ = {
			isa = PBXResourcesBuildPhase;
			buildActionMask = 2147483647;
			files = (
				7D0477972931F59A00D190DB /* LaunchScreen.storyboard in Resources */,
				7D0477942931F59A00D190DB /* Assets.xcassets in Resources */,
			);
			runOnlyForDeploymentPostprocessing = 0;
		};
/* End PBXResourcesBuildPhase section */

/* Begin PBXSourcesBuildPhase section */
		7D0477832931F59700D190DB /* Sources */ = {
			isa = PBXSourcesBuildPhase;
			buildActionMask = 2147483647;
			files = (
				7D580A4D29323B080060F976 /* ToDoListViewController.swift in Sources */,
				7D04779F2931F95800D190DB /* NoteViewController.swift in Sources */,
				7D580A512932475F0060F976 /* ToDoListViewControllerCell.swift in Sources */,
				7D04778F2931F59700D190DB /* NotesViewController.swift in Sources */,
				7D04778B2931F59700D190DB /* AppDelegate.swift in Sources */,
				7D580A4F29323E680060F976 /* ToDoListModel.swift in Sources */,
				7D580A49293211070060F976 /* NoteContext.swift in Sources */,
				7D0477A12931FA1700D190DB /* NotesViewControllerCell.swift in Sources */,
				7D580A47293205F80060F976 /* NotesModel.swift in Sources */,
				7D580A4B293239440060F976 /* TabBar.swift in Sources */,
			);
			runOnlyForDeploymentPostprocessing = 0;
		};
/* End PBXSourcesBuildPhase section */

/* Begin PBXVariantGroup section */
		7D0477952931F59A00D190DB /* LaunchScreen.storyboard */ = {
			isa = PBXVariantGroup;
			children = (
				7D0477962931F59A00D190DB /* Base */,
			);
			name = LaunchScreen.storyboard;
			sourceTree = "<group>";
		};
/* End PBXVariantGroup section */

/* Begin XCBuildConfiguration section */
		7D0477992931F59A00D190DB /* Debug */ = {
			isa = XCBuildConfiguration;
			buildSettings = {
				ALWAYS_SEARCH_USER_PATHS = NO;
				CLANG_ANALYZER_NONNULL = YES;
				CLANG_ANALYZER_NUMBER_OBJECT_CONVERSION = YES_AGGRESSIVE;
				CLANG_CXX_LANGUAGE_STANDARD = "gnu++20";
				CLANG_ENABLE_MODULES = YES;
				CLANG_ENABLE_OBJC_ARC = YES;
				CLANG_ENABLE_OBJC_WEAK = YES;
				CLANG_WARN_BLOCK_CAPTURE_AUTORELEASING = YES;
				CLANG_WARN_BOOL_CONVERSION = YES;
				CLANG_WARN_COMMA = YES;
				CLANG_WARN_CONSTANT_CONVERSION = YES;
				CLANG_WARN_DEPRECATED_OBJC_IMPLEMENTATIONS = YES;
				CLANG_WARN_DIRECT_OBJC_ISA_USAGE = YES_ERROR;
				CLANG_WARN_DOCUMENTATION_COMMENTS = YES;
				CLANG_WARN_EMPTY_BODY = YES;
				CLANG_WARN_ENUM_CONVERSION = YES;
				CLANG_WARN_INFINITE_RECURSION = YES;
				CLANG_WARN_INT_CONVERSION = YES;
				CLANG_WARN_NON_LITERAL_NULL_CONVERSION = YES;
				CLANG_WARN_OBJC_IMPLICIT_RETAIN_SELF = YES;
				CLANG_WARN_OBJC_LITERAL_CONVERSION = YES;
				CLANG_WARN_OBJC_ROOT_CLASS = YES_ERROR;
				CLANG_WARN_QUOTED_INCLUDE_IN_FRAMEWORK_HEADER = YES;
				CLANG_WARN_RANGE_LOOP_ANALYSIS = YES;
				CLANG_WARN_STRICT_PROTOTYPES = YES;
				CLANG_WARN_SUSPICIOUS_MOVE = YES;
				CLANG_WARN_UNGUARDED_AVAILABILITY = YES_AGGRESSIVE;
				CLANG_WARN_UNREACHABLE_CODE = YES;
				CLANG_WARN__DUPLICATE_METHOD_MATCH = YES;
				COPY_PHASE_STRIP = NO;
				DEBUG_INFORMATION_FORMAT = dwarf;
				ENABLE_STRICT_OBJC_MSGSEND = YES;
				ENABLE_TESTABILITY = YES;
				GCC_C_LANGUAGE_STANDARD = gnu11;
				GCC_DYNAMIC_NO_PIC = NO;
				GCC_NO_COMMON_BLOCKS = YES;
				GCC_OPTIMIZATION_LEVEL = 0;
				GCC_PREPROCESSOR_DEFINITIONS = (
					"DEBUG=1",
					"$(inherited)",
				);
				GCC_WARN_64_TO_32_BIT_CONVERSION = YES;
				GCC_WARN_ABOUT_RETURN_TYPE = YES_ERROR;
				GCC_WARN_UNDECLARED_SELECTOR = YES;
				GCC_WARN_UNINITIALIZED_AUTOS = YES_AGGRESSIVE;
				GCC_WARN_UNUSED_FUNCTION = YES;
				GCC_WARN_UNUSED_VARIABLE = YES;
				IPHONEOS_DEPLOYMENT_TARGET = 16.1;
				MTL_ENABLE_DEBUG_INFO = INCLUDE_SOURCE;
				MTL_FAST_MATH = YES;
				ONLY_ACTIVE_ARCH = YES;
				SDKROOT = iphoneos;
				SWIFT_ACTIVE_COMPILATION_CONDITIONS = DEBUG;
				SWIFT_OPTIMIZATION_LEVEL = "-Onone";
			};
			name = Debug;
		};
		7D04779A2931F59A00D190DB /* Release */ = {
			isa = XCBuildConfiguration;
			buildSettings = {
				ALWAYS_SEARCH_USER_PATHS = NO;
				CLANG_ANALYZER_NONNULL = YES;
				CLANG_ANALYZER_NUMBER_OBJECT_CONVERSION = YES_AGGRESSIVE;
				CLANG_CXX_LANGUAGE_STANDARD = "gnu++20";
				CLANG_ENABLE_MODULES = YES;
				CLANG_ENABLE_OBJC_ARC = YES;
				CLANG_ENABLE_OBJC_WEAK = YES;
				CLANG_WARN_BLOCK_CAPTURE_AUTORELEASING = YES;
				CLANG_WARN_BOOL_CONVERSION = YES;
				CLANG_WARN_COMMA = YES;
				CLANG_WARN_CONSTANT_CONVERSION = YES;
				CLANG_WARN_DEPRECATED_OBJC_IMPLEMENTATIONS = YES;
				CLANG_WARN_DIRECT_OBJC_ISA_USAGE = YES_ERROR;
				CLANG_WARN_DOCUMENTATION_COMMENTS = YES;
				CLANG_WARN_EMPTY_BODY = YES;
				CLANG_WARN_ENUM_CONVERSION = YES;
				CLANG_WARN_INFINITE_RECURSION = YES;
				CLANG_WARN_INT_CONVERSION = YES;
				CLANG_WARN_NON_LITERAL_NULL_CONVERSION = YES;
				CLANG_WARN_OBJC_IMPLICIT_RETAIN_SELF = YES;
				CLANG_WARN_OBJC_LITERAL_CONVERSION = YES;
				CLANG_WARN_OBJC_ROOT_CLASS = YES_ERROR;
				CLANG_WARN_QUOTED_INCLUDE_IN_FRAMEWORK_HEADER = YES;
				CLANG_WARN_RANGE_LOOP_ANALYSIS = YES;
				CLANG_WARN_STRICT_PROTOTYPES = YES;
				CLANG_WARN_SUSPICIOUS_MOVE = YES;
				CLANG_WARN_UNGUARDED_AVAILABILITY = YES_AGGRESSIVE;
				CLANG_WARN_UNREACHABLE_CODE = YES;
				CLANG_WARN__DUPLICATE_METHOD_MATCH = YES;
				COPY_PHASE_STRIP = NO;
				DEBUG_INFORMATION_FORMAT = "dwarf-with-dsym";
				ENABLE_NS_ASSERTIONS = NO;
				ENABLE_STRICT_OBJC_MSGSEND = YES;
				GCC_C_LANGUAGE_STANDARD = gnu11;
				GCC_NO_COMMON_BLOCKS = YES;
				GCC_WARN_64_TO_32_BIT_CONVERSION = YES;
				GCC_WARN_ABOUT_RETURN_TYPE = YES_ERROR;
				GCC_WARN_UNDECLARED_SELECTOR = YES;
				GCC_WARN_UNINITIALIZED_AUTOS = YES_AGGRESSIVE;
				GCC_WARN_UNUSED_FUNCTION = YES;
				GCC_WARN_UNUSED_VARIABLE = YES;
				IPHONEOS_DEPLOYMENT_TARGET = 16.1;
				MTL_ENABLE_DEBUG_INFO = NO;
				MTL_FAST_MATH = YES;
				SDKROOT = iphoneos;
				SWIFT_COMPILATION_MODE = wholemodule;
				SWIFT_OPTIMIZATION_LEVEL = "-O";
				VALIDATE_PRODUCT = YES;
			};
			name = Release;
		};
		7D04779C2931F59A00D190DB /* Debug */ = {
			isa = XCBuildConfiguration;
			buildSettings = {
				ASSETCATALOG_COMPILER_APPICON_NAME = AppIcon;
				ASSETCATALOG_COMPILER_GLOBAL_ACCENT_COLOR_NAME = AccentColor;
				CODE_SIGN_STYLE = Automatic;
				CURRENT_PROJECT_VERSION = 1;
				DEVELOPMENT_TEAM = 5U8L5Q64SM;
				GENERATE_INFOPLIST_FILE = YES;
				INFOPLIST_FILE = "Study Planner/Info.plist";
				INFOPLIST_KEY_UIApplicationSupportsIndirectInputEvents = YES;
				INFOPLIST_KEY_UILaunchStoryboardName = LaunchScreen.storyboard;
				INFOPLIST_KEY_UISupportedInterfaceOrientations_iPad = "UIInterfaceOrientationPortrait UIInterfaceOrientationPortraitUpsideDown UIInterfaceOrientationLandscapeLeft UIInterfaceOrientationLandscapeRight";
				INFOPLIST_KEY_UISupportedInterfaceOrientations_iPhone = "UIInterfaceOrientationPortrait UIInterfaceOrientationLandscapeLeft UIInterfaceOrientationLandscapeRight";
				LD_RUNPATH_SEARCH_PATHS = (
					"$(inherited)",
					"@executable_path/Frameworks",
				);
				MARKETING_VERSION = 1.0;
				PRODUCT_BUNDLE_IDENTIFIER = "ru.viktorandreev.Study-Planner";
				PRODUCT_NAME = "$(TARGET_NAME)";
				SWIFT_EMIT_LOC_STRINGS = YES;
				SWIFT_VERSION = 5.0;
				TARGETED_DEVICE_FAMILY = "1,2";
			};
			name = Debug;
		};
		7D04779D2931F59A00D190DB /* Release */ = {
			isa = XCBuildConfiguration;
			buildSettings = {
				ASSETCATALOG_COMPILER_APPICON_NAME = AppIcon;
				ASSETCATALOG_COMPILER_GLOBAL_ACCENT_COLOR_NAME = AccentColor;
				CODE_SIGN_STYLE = Automatic;
				CURRENT_PROJECT_VERSION = 1;
				DEVELOPMENT_TEAM = 5U8L5Q64SM;
				GENERATE_INFOPLIST_FILE = YES;
				INFOPLIST_FILE = "Study Planner/Info.plist";
				INFOPLIST_KEY_UIApplicationSupportsIndirectInputEvents = YES;
				INFOPLIST_KEY_UILaunchStoryboardName = LaunchScreen.storyboard;
				INFOPLIST_KEY_UISupportedInterfaceOrientations_iPad = "UIInterfaceOrientationPortrait UIInterfaceOrientationPortraitUpsideDown UIInterfaceOrientationLandscapeLeft UIInterfaceOrientationLandscapeRight";
				INFOPLIST_KEY_UISupportedInterfaceOrientations_iPhone = "UIInterfaceOrientationPortrait UIInterfaceOrientationLandscapeLeft UIInterfaceOrientationLandscapeRight";
				LD_RUNPATH_SEARCH_PATHS = (
					"$(inherited)",
					"@executable_path/Frameworks",
				);
				MARKETING_VERSION = 1.0;
				PRODUCT_BUNDLE_IDENTIFIER = "ru.viktorandreev.Study-Planner";
				PRODUCT_NAME = "$(TARGET_NAME)";
				SWIFT_EMIT_LOC_STRINGS = YES;
				SWIFT_VERSION = 5.0;
				TARGETED_DEVICE_FAMILY = "1,2";
			};
			name = Release;
		};
/* End XCBuildConfiguration section */

/* Begin XCConfigurationList section */
		7D0477822931F59700D190DB /* Build configuration list for PBXProject "Study Planner" */ = {
			isa = XCConfigurationList;
			buildConfigurations = (
				7D0477992931F59A00D190DB /* Debug */,
				7D04779A2931F59A00D190DB /* Release */,
			);
			defaultConfigurationIsVisible = 0;
			defaultConfigurationName = Release;
		};
		7D04779B2931F59A00D190DB /* Build configuration list for PBXNativeTarget "Study Planner" */ = {
			isa = XCConfigurationList;
			buildConfigurations = (
				7D04779C2931F59A00D190DB /* Debug */,
				7D04779D2931F59A00D190DB /* Release */,
			);
			defaultConfigurationIsVisible = 0;
			defaultConfigurationName = Release;
		};
/* End XCConfigurationList section */
	};
	rootObject = 7D04777F2931F59700D190DB /* Project object */;
}
